
Microsoft Visual Studio Solution File, Format Version 12.00
# Visual Studio 15
VisualStudioVersion = 15.0.27703.2047
MinimumVisualStudioVersion = 10.0.40219.1
Project("{FAE04EC0-301F-11D3-BF4B-00C04F79EFBC}") = "AMSCamTool", "AMSCamTool\AMSCamTool.csproj", "{6C169449-899F-4BBF-BA8E-952D8C5B0420}"
EndProject
Global
	GlobalSection(SolutionConfigurationPlatforms) = preSolution
		Debug|Any CPU = Debug|Any CPU
		Release|Any CPU = Release|Any CPU
	EndGlobalSection
	GlobalSection(ProjectConfigurationPlatforms) = postSolution
		{6C169449-899F-4BBF-BA8E-952D8C5B0420}.Debug|Any CPU.ActiveCfg = Debug|Any CPU
		{6C169449-899F-4BBF-BA8E-952D8C5B0420}.Debug|Any CPU.Build.0 = Debug|Any CPU
		{6C169449-899F-4BBF-BA8E-952D8C5B0420}.Release|Any CPU.ActiveCfg = Release|Any CPU
		{6C169449-899F-4BBF-BA8E-952D8C5B0420}.Release|Any CPU.Build.0 = Release|Any CPU
	EndGlobalSection
	GlobalSection(SolutionProperties) = preSolution
		HideSolutionNode = FALSE
	EndGlobalSection
	GlobalSection(ExtensibilityGlobals) = postSolution
		SolutionGuid = {F4137E0F-73D1-4E7A-A0B7-AF95D375BAC9}
	EndGlobalSection
EndGlobal
